// !$*UTF8*$!
{
	archiveVersion = 1;
	classes = {
	};
	objectVersion = 55;
	objects = {

/* Begin PBXBuildFile section */
		5F5947DA287895E200D9A84D /* AppDelegate.swift in Sources */ = {isa = PBXBuildFile; fileRef = 5F5947D9287895E200D9A84D /* AppDelegate.swift */; };
		5F5947DC287895E200D9A84D /* SceneDelegate.swift in Sources */ = {isa = PBXBuildFile; fileRef = 5F5947DB287895E200D9A84D /* SceneDelegate.swift */; };
		5F5947DE287895E200D9A84D /* ViewController.swift in Sources */ = {isa = PBXBuildFile; fileRef = 5F5947DD287895E200D9A84D /* ViewController.swift */; };
		5F5947E1287895E200D9A84D /* Main.storyboard in Resources */ = {isa = PBXBuildFile; fileRef = 5F5947DF287895E200D9A84D /* Main.storyboard */; };
		5F5947E3287895E400D9A84D /* Assets.xcassets in Resources */ = {isa = PBXBuildFile; fileRef = 5F5947E2287895E400D9A84D /* Assets.xcassets */; };
		5F5947E6287895E400D9A84D /* LaunchScreen.storyboard in Resources */ = {isa = PBXBuildFile; fileRef = 5F5947E4287895E400D9A84D /* LaunchScreen.storyboard */; };
		5F5947F028789A9300D9A84D /* OverLayerView.swift in Sources */ = {isa = PBXBuildFile; fileRef = 5F5947EE28789A9300D9A84D /* OverLayerView.swift */; };
		5F5947F128789A9300D9A84D /* OverLayerView.xib in Resources */ = {isa = PBXBuildFile; fileRef = 5F5947EF28789A9300D9A84D /* OverLayerView.xib */; };
/* End PBXBuildFile section */

/* Begin PBXFileReference section */
		5F5947D6287895E200D9A84D /* CustomPopUp.app */ = {isa = PBXFileReference; explicitFileType = wrapper.application; includeInIndex = 0; path = CustomPopUp.app; sourceTree = BUILT_PRODUCTS_DIR; };
		5F5947D9287895E200D9A84D /* AppDelegate.swift */ = {isa = PBXFileReference; lastKnownFileType = sourcecode.swift; path = AppDelegate.swift; sourceTree = "<group>"; };
		5F5947DB287895E200D9A84D /* SceneDelegate.swift */ = {isa = PBXFileReference; lastKnownFileType = sourcecode.swift; path = SceneDelegate.swift; sourceTree = "<group>"; };
		5F5947DD287895E200D9A84D /* ViewController.swift */ = {isa = PBXFileReference; lastKnownFileType = sourcecode.swift; path = ViewController.swift; sourceTree = "<group>"; };
		5F5947E0287895E200D9A84D /* Base */ = {isa = PBXFileReference; lastKnownFileType = file.storyboard; name = Base; path = Base.lproj/Main.storyboard; sourceTree = "<group>"; };
		5F5947E2287895E400D9A84D /* Assets.xcassets */ = {isa = PBXFileReference; lastKnownFileType = folder.assetcatalog; path = Assets.xcassets; sourceTree = "<group>"; };
		5F5947E5287895E400D9A84D /* Base */ = {isa = PBXFileReference; lastKnownFileType = file.storyboard; name = Base; path = Base.lproj/LaunchScreen.storyboard; sourceTree = "<group>"; };
		5F5947E7287895E400D9A84D /* Info.plist */ = {isa = PBXFileReference; lastKnownFileType = text.plist.xml; path = Info.plist; sourceTree = "<group>"; };
		5F5947EE28789A9300D9A84D /* OverLayerView.swift */ = {isa = PBXFileReference; lastKnownFileType = sourcecode.swift; path = OverLayerView.swift; sourceTree = "<group>"; };
		5F5947EF28789A9300D9A84D /* OverLayerView.xib */ = {isa = PBXFileReference; lastKnownFileType = file.xib; path = OverLayerView.xib; sourceTree = "<group>"; };
/* End PBXFileReference section */

/* Begin PBXFrameworksBuildPhase section */
		5F5947D3287895E200D9A84D /* Frameworks */ = {
			isa = PBXFrameworksBuildPhase;
			buildActionMask = 2147483647;
			files = (
			);
			runOnlyForDeploymentPostprocessing = 0;
		};
/* End PBXFrameworksBuildPhase section */

/* Begin PBXGroup section */
		5F5947CD287895E200D9A84D = {
			isa = PBXGroup;
			children = (
				5F5947D8287895E200D9A84D /* CustomPopUp */,
				5F5947D7287895E200D9A84D /* Products */,
			);
			sourceTree = "<group>";
		};
		5F5947D7287895E200D9A84D /* Products */ = {
			isa = PBXGroup;
			children = (
				5F5947D6287895E200D9A84D /* CustomPopUp.app */,
			);
			name = Products;
			sourceTree = "<group>";
		};
		5F5947D8287895E200D9A84D /* CustomPopUp */ = {
			isa = PBXGroup;
			children = (
				5F5947ED287897E000D9A84D /* OverLayer */,
				5F5947D9287895E200D9A84D /* AppDelegate.swift */,
				5F5947DB287895E200D9A84D /* SceneDelegate.swift */,
				5F5947DD287895E200D9A84D /* ViewController.swift */,
				5F5947DF287895E200D9A84D /* Main.storyboard */,
				5F5947E2287895E400D9A84D /* Assets.xcassets */,
				5F5947E4287895E400D9A84D /* LaunchScreen.storyboard */,
				5F5947E7287895E400D9A84D /* Info.plist */,
			);
			path = CustomPopUp;
			sourceTree = "<group>";
		};
		5F5947ED287897E000D9A84D /* OverLayer */ = {
			isa = PBXGroup;
			children = (
				5F5947EE28789A9300D9A84D /* OverLayerView.swift */,
				5F5947EF28789A9300D9A84D /* OverLayerView.xib */,
			);
			path = OverLayer;
			sourceTree = "<group>";
		};
/* End PBXGroup section */

/* Begin PBXNativeTarget section */
		5F5947D5287895E200D9A84D /* CustomPopUp */ = {
			isa = PBXNativeTarget;
			buildConfigurationList = 5F5947EA287895E400D9A84D /* Build configuration list for PBXNativeTarget "CustomPopUp" */;
			buildPhases = (
				5F5947D2287895E200D9A84D /* Sources */,
				5F5947D3287895E200D9A84D /* Frameworks */,
				5F5947D4287895E200D9A84D /* Resources */,
			);
			buildRules = (
			);
			dependencies = (
			);
			name = CustomPopUp;
			productName = CustomPopUp;
			productReference = 5F5947D6287895E200D9A84D /* CustomPopUp.app */;
			productType = "com.apple.product-type.application";
		};
/* End PBXNativeTarget section */

/* Begin PBXProject section */
		5F5947CE287895E200D9A84D /* Project object */ = {
			isa = PBXProject;
			attributes = {
				BuildIndependentTargetsInParallel = 1;
				LastSwiftUpdateCheck = 1340;
				LastUpgradeCheck = 1340;
				TargetAttributes = {
					5F5947D5287895E200D9A84D = {
						CreatedOnToolsVersion = 13.4.1;
					};
				};
			};
			buildConfigurationList = 5F5947D1287895E200D9A84D /* Build configuration list for PBXProject "CustomPopUp" */;
			compatibilityVersion = "Xcode 13.0";
			developmentRegion = en;
			hasScannedForEncodings = 0;
			knownRegions = (
				en,
				Base,
			);
			mainGroup = 5F5947CD287895E200D9A84D;
			productRefGroup = 5F5947D7287895E200D9A84D /* Products */;
			projectDirPath = "";
			projectRoot = "";
			targets = (
				5F5947D5287895E200D9A84D /* CustomPopUp */,
			);
		};
/* End PBXProject section */

/* Begin PBXResourcesBuildPhase section */
		5F5947D4287895E200D9A84D /* Resources */ = {
			isa = PBXResourcesBuildPhase;
			buildActionMask = 2147483647;
			files = (
				5F5947E6287895E400D9A84D /* LaunchScreen.storyboard in Resources */,
				5F5947E3287895E400D9A84D /* Assets.xcassets in Resources */,
				5F5947F128789A9300D9A84D /* OverLayerView.xib in Resources */,
				5F5947E1287895E200D9A84D /* Main.storyboard in Resources */,
			);
			runOnlyForDeploymentPostprocessing = 0;
		};
/* End PBXResourcesBuildPhase section */

/* Begin PBXSourcesBuildPhase section */
		5F5947D2287895E200D9A84D /* Sources */ = {
			isa = PBXSourcesBuildPhase;
			buildActionMask = 2147483647;
			files = (
				5F5947DE287895E200D9A84D /* ViewController.swift in Sources */,
				5F5947DA287895E200D9A84D /* AppDelegate.swift in Sources */,
				5F5947F028789A9300D9A84D /* OverLayerView.swift in Sources */,
				5F5947DC287895E200D9A84D /* SceneDelegate.swift in Sources */,
			);
			runOnlyForDeploymentPostprocessing = 0;
		};
/* End PBXSourcesBuildPhase section */

/* Begin PBXVariantGroup section */
		5F5947DF287895E200D9A84D /* Main.storyboard */ = {
			isa = PBXVariantGroup;
			children = (
				5F5947E0287895E200D9A84D /* Base */,
			);
			name = Main.storyboard;
			sourceTree = "<group>";
		};
		5F5947E4287895E400D9A84D /* LaunchScreen.storyboard */ = {
			isa = PBXVariantGroup;
			children = (
				5F5947E5287895E400D9A84D /* Base */,
			);
			name = LaunchScreen.storyboard;
			sourceTree = "<group>";
		};
/* End PBXVariantGroup section */

/* Begin XCBuildConfiguration section */
		5F5947E8287895E400D9A84D /* Debug */ = {
			isa = XCBuildConfiguration;
			buildSettings = {
				ALWAYS_SEARCH_USER_PATHS = NO;
				CLANG_ANALYZER_NONNULL = YES;
				CLANG_ANALYZER_NUMBER_OBJECT_CONVERSION = YES_AGGRESSIVE;
				CLANG_CXX_LANGUAGE_STANDARD = "gnu++17";
				CLANG_ENABLE_MODULES = YES;
				CLANG_ENABLE_OBJC_ARC = YES;
				CLANG_ENABLE_OBJC_WEAK = YES;
				CLANG_WARN_BLOCK_CAPTURE_AUTORELEASING = YES;
				CLANG_WARN_BOOL_CONVERSION = YES;
				CLANG_WARN_COMMA = YES;
				CLANG_WARN_CONSTANT_CONVERSION = YES;
				CLANG_WARN_DEPRECATED_OBJC_IMPLEMENTATIONS = YES;
				CLANG_WARN_DIRECT_OBJC_ISA_USAGE = YES_ERROR;
				CLANG_WARN_DOCUMENTATION_COMMENTS = YES;
				CLANG_WARN_EMPTY_BODY = YES;
				CLANG_WARN_ENUM_CONVERSION = YES;
				CLANG_WARN_INFINITE_RECURSION = YES;
				CLANG_WARN_INT_CONVERSION = YES;
				CLANG_WARN_NON_LITERAL_NULL_CONVERSION = YES;
				CLANG_WARN_OBJC_IMPLICIT_RETAIN_SELF = YES;
				CLANG_WARN_OBJC_LITERAL_CONVERSION = YES;
				CLANG_WARN_OBJC_ROOT_CLASS = YES_ERROR;
				CLANG_WARN_QUOTED_INCLUDE_IN_FRAMEWORK_HEADER = YES;
				CLANG_WARN_RANGE_LOOP_ANALYSIS = YES;
				CLANG_WARN_STRICT_PROTOTYPES = YES;
				CLANG_WARN_SUSPICIOUS_MOVE = YES;
				CLANG_WARN_UNGUARDED_AVAILABILITY = YES_AGGRESSIVE;
				CLANG_WARN_UNREACHABLE_CODE = YES;
				CLANG_WARN__DUPLICATE_METHOD_MATCH = YES;
				COPY_PHASE_STRIP = NO;
				DEBUG_INFORMATION_FORMAT = dwarf;
				ENABLE_STRICT_OBJC_MSGSEND = YES;
				ENABLE_TESTABILITY = YES;
				GCC_C_LANGUAGE_STANDARD = gnu11;
				GCC_DYNAMIC_NO_PIC = NO;
				GCC_NO_COMMON_BLOCKS = YES;
				GCC_OPTIMIZATION_LEVEL = 0;
				GCC_PREPROCESSOR_DEFINITIONS = (
					"DEBUG=1",
					"$(inherited)",
				);
				GCC_WARN_64_TO_32_BIT_CONVERSION = YES;
				GCC_WARN_ABOUT_RETURN_TYPE = YES_ERROR;
				GCC_WARN_UNDECLARED_SELECTOR = YES;
				GCC_WARN_UNINITIALIZED_AUTOS = YES_AGGRESSIVE;
				GCC_WARN_UNUSED_FUNCTION = YES;
				GCC_WARN_UNUSED_VARIABLE = YES;
				IPHONEOS_DEPLOYMENT_TARGET = 15.5;
				MTL_ENABLE_DEBUG_INFO = INCLUDE_SOURCE;
				MTL_FAST_MATH = YES;
				ONLY_ACTIVE_ARCH = YES;
				SDKROOT = iphoneos;
				SWIFT_ACTIVE_COMPILATION_CONDITIONS = DEBUG;
				SWIFT_OPTIMIZATION_LEVEL = "-Onone";
			};
			name = Debug;
		};
		5F5947E9287895E400D9A84D /* Release */ = {
			isa = XCBuildConfiguration;
			buildSettings = {
				ALWAYS_SEARCH_USER_PATHS = NO;
				CLANG_ANALYZER_NONNULL = YES;
				CLANG_ANALYZER_NUMBER_OBJECT_CONVERSION = YES_AGGRESSIVE;
				CLANG_CXX_LANGUAGE_STANDARD = "gnu++17";
				CLANG_ENABLE_MODULES = YES;
				CLANG_ENABLE_OBJC_ARC = YES;
				CLANG_ENABLE_OBJC_WEAK = YES;
				CLANG_WARN_BLOCK_CAPTURE_AUTORELEASING = YES;
				CLANG_WARN_BOOL_CONVERSION = YES;
				CLANG_WARN_COMMA = YES;
				CLANG_WARN_CONSTANT_CONVERSION = YES;
				CLANG_WARN_DEPRECATED_OBJC_IMPLEMENTATIONS = YES;
				CLANG_WARN_DIRECT_OBJC_ISA_USAGE = YES_ERROR;
				CLANG_WARN_DOCUMENTATION_COMMENTS = YES;
				CLANG_WARN_EMPTY_BODY = YES;
				CLANG_WARN_ENUM_CONVERSION = YES;
				CLANG_WARN_INFINITE_RECURSION = YES;
				CLANG_WARN_INT_CONVERSION = YES;
				CLANG_WARN_NON_LITERAL_NULL_CONVERSION = YES;
				CLANG_WARN_OBJC_IMPLICIT_RETAIN_SELF = YES;
				CLANG_WARN_OBJC_LITERAL_CONVERSION = YES;
				CLANG_WARN_OBJC_ROOT_CLASS = YES_ERROR;
				CLANG_WARN_QUOTED_INCLUDE_IN_FRAMEWORK_HEADER = YES;
				CLANG_WARN_RANGE_LOOP_ANALYSIS = YES;
				CLANG_WARN_STRICT_PROTOTYPES = YES;
				CLANG_WARN_SUSPICIOUS_MOVE = YES;
				CLANG_WARN_UNGUARDED_AVAILABILITY = YES_AGGRESSIVE;
				CLANG_WARN_UNREACHABLE_CODE = YES;
				CLANG_WARN__DUPLICATE_METHOD_MATCH = YES;
				COPY_PHASE_STRIP = NO;
				DEBUG_INFORMATION_FORMAT = "dwarf-with-dsym";
				ENABLE_NS_ASSERTIONS = NO;
				ENABLE_STRICT_OBJC_MSGSEND = YES;
				GCC_C_LANGUAGE_STANDARD = gnu11;
				GCC_NO_COMMON_BLOCKS = YES;
				GCC_WARN_64_TO_32_BIT_CONVERSION = YES;
				GCC_WARN_ABOUT_RETURN_TYPE = YES_ERROR;
				GCC_WARN_UNDECLARED_SELECTOR = YES;
				GCC_WARN_UNINITIALIZED_AUTOS = YES_AGGRESSIVE;
				GCC_WARN_UNUSED_FUNCTION = YES;
				GCC_WARN_UNUSED_VARIABLE = YES;
				IPHONEOS_DEPLOYMENT_TARGET = 15.5;
				MTL_ENABLE_DEBUG_INFO = NO;
				MTL_FAST_MATH = YES;
				SDKROOT = iphoneos;
				SWIFT_COMPILATION_MODE = wholemodule;
				SWIFT_OPTIMIZATION_LEVEL = "-O";
				VALIDATE_PRODUCT = YES;
			};
			name = Release;
		};
		5F5947EB287895E400D9A84D /* Debug */ = {
			isa = XCBuildConfiguration;
			buildSettings = {
				ASSETCATALOG_COMPILER_APPICON_NAME = AppIcon;
				ASSETCATALOG_COMPILER_GLOBAL_ACCENT_COLOR_NAME = AccentColor;
				CODE_SIGN_STYLE = Automatic;
				CURRENT_PROJECT_VERSION = 1;
				DEVELOPMENT_TEAM = 74W4KWPA75;
				GENERATE_INFOPLIST_FILE = YES;
				INFOPLIST_FILE = CustomPopUp/Info.plist;
				INFOPLIST_KEY_UIApplicationSupportsIndirectInputEvents = YES;
				INFOPLIST_KEY_UILaunchStoryboardName = LaunchScreen;
				INFOPLIST_KEY_UIMainStoryboardFile = Main;
				INFOPLIST_KEY_UISupportedInterfaceOrientations_iPad = "UIInterfaceOrientationPortrait UIInterfaceOrientationPortraitUpsideDown UIInterfaceOrientationLandscapeLeft UIInterfaceOrientationLandscapeRight";
				INFOPLIST_KEY_UISupportedInterfaceOrientations_iPhone = "UIInterfaceOrientationPortrait UIInterfaceOrientationLandscapeLeft UIInterfaceOrientationLandscapeRight";
				LD_RUNPATH_SEARCH_PATHS = (
					"$(inherited)",
					"@executable_path/Frameworks",
				);
				MARKETING_VERSION = 1.0;
				PRODUCT_BUNDLE_IDENTIFIER = sajjadsarkoobi.CustomPopUp;
				PRODUCT_NAME = "$(TARGET_NAME)";
				SWIFT_EMIT_LOC_STRINGS = YES;
				SWIFT_VERSION = 5.0;
				TARGETED_DEVICE_FAMILY = "1,2";
			};
			name = Debug;
		};
		5F5947EC287895E400D9A84D /* Release */ = {
			isa = XCBuildConfiguration;
			buildSettings = {
				ASSETCATALOG_COMPILER_APPICON_NAME = AppIcon;
				ASSETCATALOG_COMPILER_GLOBAL_ACCENT_COLOR_NAME = AccentColor;
				CODE_SIGN_STYLE = Automatic;
				CURRENT_PROJECT_VERSION = 1;
				DEVELOPMENT_TEAM = 74W4KWPA75;
				GENERATE_INFOPLIST_FILE = YES;
				INFOPLIST_FILE = CustomPopUp/Info.plist;
				INFOPLIST_KEY_UIApplicationSupportsIndirectInputEvents = YES;
				INFOPLIST_KEY_UILaunchStoryboardName = LaunchScreen;
				INFOPLIST_KEY_UIMainStoryboardFile = Main;
				INFOPLIST_KEY_UISupportedInterfaceOrientations_iPad = "UIInterfaceOrientationPortrait UIInterfaceOrientationPortraitUpsideDown UIInterfaceOrientationLandscapeLeft UIInterfaceOrientationLandscapeRight";
				INFOPLIST_KEY_UISupportedInterfaceOrientations_iPhone = "UIInterfaceOrientationPortrait UIInterfaceOrientationLandscapeLeft UIInterfaceOrientationLandscapeRight";
				LD_RUNPATH_SEARCH_PATHS = (
					"$(inherited)",
					"@executable_path/Frameworks",
				);
				MARKETING_VERSION = 1.0;
				PRODUCT_BUNDLE_IDENTIFIER = sajjadsarkoobi.CustomPopUp;
				PRODUCT_NAME = "$(TARGET_NAME)";
				SWIFT_EMIT_LOC_STRINGS = YES;
				SWIFT_VERSION = 5.0;
				TARGETED_DEVICE_FAMILY = "1,2";
			};
			name = Release;
		};
/* End XCBuildConfiguration section */

/* Begin XCConfigurationList section */
		5F5947D1287895E200D9A84D /* Build configuration list for PBXProject "CustomPopUp" */ = {
			isa = XCConfigurationList;
			buildConfigurations = (
				5F5947E8287895E400D9A84D /* Debug */,
				5F5947E9287895E400D9A84D /* Release */,
			);
			defaultConfigurationIsVisible = 0;
			defaultConfigurationName = Release;
		};
		5F5947EA287895E400D9A84D /* Build configuration list for PBXNativeTarget "CustomPopUp" */ = {
			isa = XCConfigurationList;
			buildConfigurations = (
				5F5947EB287895E400D9A84D /* Debug */,
				5F5947EC287895E400D9A84D /* Release */,
			);
			defaultConfigurationIsVisible = 0;
			defaultConfigurationName = Release;
		};
/* End XCConfigurationList section */
	};
	rootObject = 5F5947CE287895E200D9A84D /* Project object */;
}
